
Microsoft Visual Studio Solution File, Format Version 10.00
# Visual Studio 2008
Project("{FAE04EC0-301F-11D3-BF4B-00C04F79EFBC}") = "Order Display System", "Order Display System\Order Display System.csproj", "{C1C9C301-641A-4984-AF88-C8C8DBF2ED50}"
EndProject
Project("{54435603-DBB4-11D2-8724-00A0C9A8B90C}") = "Romio_KDS", "Romio_KDS\Romio_KDS.vdproj", "{8EA2089B-7BE2-415F-A835-E57701B42437}"
EndProject
Global
	GlobalSection(SolutionConfigurationPlatforms) = preSolution
		Debug|Any CPU = Debug|Any CPU
		Release|Any CPU = Release|Any CPU
	EndGlobalSection
	GlobalSection(ProjectConfigurationPlatforms) = postSolution
		{C1C9C301-641A-4984-AF88-C8C8DBF2ED50}.Debug|Any CPU.ActiveCfg = Debug|Any CPU
		{C1C9C301-641A-4984-AF88-C8C8DBF2ED50}.Debug|Any CPU.Build.0 = Debug|Any CPU
		{C1C9C301-641A-4984-AF88-C8C8DBF2ED50}.Release|Any CPU.ActiveCfg = Release|Any CPU
		{C1C9C301-641A-4984-AF88-C8C8DBF2ED50}.Release|Any CPU.Build.0 = Release|Any CPU
		{8EA2089B-7BE2-415F-A835-E57701B42437}.Debug|Any CPU.ActiveCfg = Debug
		{8EA2089B-7BE2-415F-A835-E57701B42437}.Release|Any CPU.ActiveCfg = Release
	EndGlobalSection
	GlobalSection(SolutionProperties) = preSolution
		HideSolutionNode = FALSE
	EndGlobalSection
EndGlobal
